
Microsoft Visual Studio Solution File, Format Version 12.00
# Visual Studio Version 17
VisualStudioVersion = 17.0.31903.59
MinimumVisualStudioVersion = 10.0.40219.1
Project("{2150E333-8FDC-42A3-9474-1A3956D46DE8}") = "src", "src", "{F3D12B13-D4F4-40D9-AF8F-793A41A84E03}"
EndProject
Project("{FAE04EC0-301F-11D3-BF4B-00C04F79EFBC}") = "DailyGrid.Core", "src\DailyGrid.Core\DailyGrid.Core.csproj", "{2B3E86FB-B350-4C75-8F98-C92341BACC2D}"
EndProject
Project("{FAE04EC0-301F-11D3-BF4B-00C04F79EFBC}") = "DailyGrid.Platform.Windows", "src\DailyGrid.Platform.Windows\DailyGrid.Platform.Windows.csproj", "{F9DEBE3A-EFE6-4FC3-BB70-A4F485C8D07A}"
EndProject
Project("{FAE04EC0-301F-11D3-BF4B-00C04F79EFBC}") = "DailyGrid.Host", "src\DailyGrid.Host\DailyGrid.Host.csproj", "{9CBFE251-DC8E-41A3-AAC4-551E4F6E0D00}"
EndProject
Global
	GlobalSection(SolutionConfigurationPlatforms) = preSolution
		Debug|Any CPU = Debug|Any CPU
		Debug|x64 = Debug|x64
		Debug|x86 = Debug|x86
		Release|Any CPU = Release|Any CPU
		Release|x64 = Release|x64
		Release|x86 = Release|x86
	EndGlobalSection
	GlobalSection(ProjectConfigurationPlatforms) = postSolution
		{2B3E86FB-B350-4C75-8F98-C92341BACC2D}.Debug|Any CPU.ActiveCfg = Debug|Any CPU
		{2B3E86FB-B350-4C75-8F98-C92341BACC2D}.Debug|Any CPU.Build.0 = Debug|Any CPU
		{2B3E86FB-B350-4C75-8F98-C92341BACC2D}.Debug|x64.ActiveCfg = Debug|Any CPU
		{2B3E86FB-B350-4C75-8F98-C92341BACC2D}.Debug|x64.Build.0 = Debug|Any CPU
		{2B3E86FB-B350-4C75-8F98-C92341BACC2D}.Debug|x86.ActiveCfg = Debug|Any CPU
		{2B3E86FB-B350-4C75-8F98-C92341BACC2D}.Debug|x86.Build.0 = Debug|Any CPU
		{2B3E86FB-B350-4C75-8F98-C92341BACC2D}.Release|Any CPU.ActiveCfg = Release|Any CPU
		{2B3E86FB-B350-4C75-8F98-C92341BACC2D}.Release|Any CPU.Build.0 = Release|Any CPU
		{2B3E86FB-B350-4C75-8F98-C92341BACC2D}.Release|x64.ActiveCfg = Release|Any CPU
		{2B3E86FB-B350-4C75-8F98-C92341BACC2D}.Release|x64.Build.0 = Release|Any CPU
		{2B3E86FB-B350-4C75-8F98-C92341BACC2D}.Release|x86.ActiveCfg = Release|Any CPU
		{2B3E86FB-B350-4C75-8F98-C92341BACC2D}.Release|x86.Build.0 = Release|Any CPU
		{F9DEBE3A-EFE6-4FC3-BB70-A4F485C8D07A}.Debug|Any CPU.ActiveCfg = Debug|Any CPU
		{F9DEBE3A-EFE6-4FC3-BB70-A4F485C8D07A}.Debug|Any CPU.Build.0 = Debug|Any CPU
		{F9DEBE3A-EFE6-4FC3-BB70-A4F485C8D07A}.Debug|x64.ActiveCfg = Debug|Any CPU
		{F9DEBE3A-EFE6-4FC3-BB70-A4F485C8D07A}.Debug|x64.Build.0 = Debug|Any CPU
		{F9DEBE3A-EFE6-4FC3-BB70-A4F485C8D07A}.Debug|x86.ActiveCfg = Debug|Any CPU
		{F9DEBE3A-EFE6-4FC3-BB70-A4F485C8D07A}.Debug|x86.Build.0 = Debug|Any CPU
		{F9DEBE3A-EFE6-4FC3-BB70-A4F485C8D07A}.Release|Any CPU.ActiveCfg = Release|Any CPU
		{F9DEBE3A-EFE6-4FC3-BB70-A4F485C8D07A}.Release|Any CPU.Build.0 = Release|Any CPU
		{F9DEBE3A-EFE6-4FC3-BB70-A4F485C8D07A}.Release|x64.ActiveCfg = Release|Any CPU
		{F9DEBE3A-EFE6-4FC3-BB70-A4F485C8D07A}.Release|x64.Build.0 = Release|Any CPU
		{F9DEBE3A-EFE6-4FC3-BB70-A4F485C8D07A}.Release|x86.ActiveCfg = Release|Any CPU
		{F9DEBE3A-EFE6-4FC3-BB70-A4F485C8D07A}.Release|x86.Build.0 = Release|Any CPU
		{9CBFE251-DC8E-41A3-AAC4-551E4F6E0D00}.Debug|Any CPU.ActiveCfg = Debug|Any CPU
		{9CBFE251-DC8E-41A3-AAC4-551E4F6E0D00}.Debug|Any CPU.Build.0 = Debug|Any CPU
		{9CBFE251-DC8E-41A3-AAC4-551E4F6E0D00}.Debug|x64.ActiveCfg = Debug|Any CPU
		{9CBFE251-DC8E-41A3-AAC4-551E4F6E0D00}.Debug|x64.Build.0 = Debug|Any CPU
		{9CBFE251-DC8E-41A3-AAC4-551E4F6E0D00}.Debug|x86.ActiveCfg = Debug|Any CPU
		{9CBFE251-DC8E-41A3-AAC4-551E4F6E0D00}.Debug|x86.Build.0 = Debug|Any CPU
		{9CBFE251-DC8E-41A3-AAC4-551E4F6E0D00}.Release|Any CPU.ActiveCfg = Release|Any CPU
		{9CBFE251-DC8E-41A3-AAC4-551E4F6E0D00}.Release|Any CPU.Build.0 = Release|Any CPU
		{9CBFE251-DC8E-41A3-AAC4-551E4F6E0D00}.Release|x64.ActiveCfg = Release|Any CPU
		{9CBFE251-DC8E-41A3-AAC4-551E4F6E0D00}.Release|x64.Build.0 = Release|Any CPU
		{9CBFE251-DC8E-41A3-AAC4-551E4F6E0D00}.Release|x86.ActiveCfg = Release|Any CPU
		{9CBFE251-DC8E-41A3-AAC4-551E4F6E0D00}.Release|x86.Build.0 = Release|Any CPU
	EndGlobalSection
	GlobalSection(SolutionProperties) = preSolution
		HideSolutionNode = FALSE
	EndGlobalSection
	GlobalSection(NestedProjects) = preSolution
		{9CBFE251-DC8E-41A3-AAC4-551E4F6E0D00} = {F3D12B13-D4F4-40D9-AF8F-793A41A84E03}
	EndGlobalSection
EndGlobal
